
Microsoft Visual Studio Solution File, Format Version 12.00
# Visual Studio Version 17
VisualStudioVersion = 17.0.31903.59
MinimumVisualStudioVersion = 10.0.40219.1
Project("{FAE04EC0-301F-11D3-BF4B-00C04F79EFBC}") = "Monopolizers.API", "Monopolizers.API.csproj", "{1F2CFD40-F2E8-42C2-9964-CD4FDCDF389B}"
EndProject
Project("{FAE04EC0-301F-11D3-BF4B-00C04F79EFBC}") = "Monopolizers.Service", "..\Monopolizers.Services\Monopolizers.Service.csproj", "{37EE15E1-D55A-433D-934C-1F1FF222D93A}"
EndProject
Project("{FAE04EC0-301F-11D3-BF4B-00C04F79EFBC}") = "Monopolizers.Repository", "..\Monopolizers.Repositories\Monopolizers.Repository.csproj", "{86CB4FB0-2A4F-406D-B75E-D4977CC4CFF7}"
EndProject
Project("{FAE04EC0-301F-11D3-BF4B-00C04F79EFBC}") = "Monopolizers.Common", "..\Monopolizers.Common\Monopolizers.Common.csproj", "{24DEF13E-C555-4FAE-B5F0-E782995EA9B6}"
EndProject
Global
	GlobalSection(SolutionConfigurationPlatforms) = preSolution
		Debug|Any CPU = Debug|Any CPU
		Release|Any CPU = Release|Any CPU
	EndGlobalSection
	GlobalSection(ProjectConfigurationPlatforms) = postSolution
		{1F2CFD40-F2E8-42C2-9964-CD4FDCDF389B}.Debug|Any CPU.ActiveCfg = Debug|Any CPU
		{1F2CFD40-F2E8-42C2-9964-CD4FDCDF389B}.Debug|Any CPU.Build.0 = Debug|Any CPU
		{1F2CFD40-F2E8-42C2-9964-CD4FDCDF389B}.Release|Any CPU.ActiveCfg = Release|Any CPU
		{1F2CFD40-F2E8-42C2-9964-CD4FDCDF389B}.Release|Any CPU.Build.0 = Release|Any CPU
		{37EE15E1-D55A-433D-934C-1F1FF222D93A}.Debug|Any CPU.ActiveCfg = Debug|Any CPU
		{37EE15E1-D55A-433D-934C-1F1FF222D93A}.Debug|Any CPU.Build.0 = Debug|Any CPU
		{37EE15E1-D55A-433D-934C-1F1FF222D93A}.Release|Any CPU.ActiveCfg = Release|Any CPU
		{37EE15E1-D55A-433D-934C-1F1FF222D93A}.Release|Any CPU.Build.0 = Release|Any CPU
		{86CB4FB0-2A4F-406D-B75E-D4977CC4CFF7}.Debug|Any CPU.ActiveCfg = Debug|Any CPU
		{86CB4FB0-2A4F-406D-B75E-D4977CC4CFF7}.Debug|Any CPU.Build.0 = Debug|Any CPU
		{86CB4FB0-2A4F-406D-B75E-D4977CC4CFF7}.Release|Any CPU.ActiveCfg = Release|Any CPU
		{86CB4FB0-2A4F-406D-B75E-D4977CC4CFF7}.Release|Any CPU.Build.0 = Release|Any CPU
		{24DEF13E-C555-4FAE-B5F0-E782995EA9B6}.Debug|Any CPU.ActiveCfg = Debug|Any CPU
		{24DEF13E-C555-4FAE-B5F0-E782995EA9B6}.Debug|Any CPU.Build.0 = Debug|Any CPU
		{24DEF13E-C555-4FAE-B5F0-E782995EA9B6}.Release|Any CPU.ActiveCfg = Release|Any CPU
		{24DEF13E-C555-4FAE-B5F0-E782995EA9B6}.Release|Any CPU.Build.0 = Release|Any CPU
	EndGlobalSection
	GlobalSection(SolutionProperties) = preSolution
		HideSolutionNode = FALSE
	EndGlobalSection
	GlobalSection(ExtensibilityGlobals) = postSolution
		SolutionGuid = {D91196D5-6E66-4C9F-9BE0-A017BFA3988D}
	EndGlobalSection
EndGlobal
